// !$*UTF8*$!
{
	archiveVersion = 1;
	classes = {
	};
	objectVersion = 63;
	objects = {

/* Begin PBXBuildFile section */
		11111111111111111111AAA1 /* APIClientTests.swift in Sources */ = {isa = PBXBuildFile; fileRef = 22222222222222222222AAA1 /* APIClientTests.swift */; };
		11111111111111111111AAA2 /* SyncManagerTests.swift in Sources */ = {isa = PBXBuildFile; fileRef = 22222222222222222222AAA2 /* SyncManagerTests.swift */; };
		39AABEB06866FCA9929F9BA3 /* SkratchApp.swift in Sources */ = {isa = PBXBuildFile; fileRef = 51D9B6658E4E4D0A374BDF41 /* SkratchApp.swift */; };
		4929B813F2E108B24B8A95D2 /* SkratchTests.swift in Sources */ = {isa = PBXBuildFile; fileRef = D8AEC5A63E47AF93428FFD61 /* SkratchTests.swift */; };
		51DA867BFC2FA4306ADE3826 /* GeographicData.swift in Sources */ = {isa = PBXBuildFile; fileRef = 739C79A196E7F43F2948B4BF /* GeographicData.swift */; };
		86175EAF51658198276271FA /* AuthManager.swift in Sources */ = {isa = PBXBuildFile; fileRef = B366DB5A8112F2A026734C2A /* AuthManager.swift */; };
		8D80DF090525952444EA2BBA /* VisitedPlace.swift in Sources */ = {isa = PBXBuildFile; fileRef = 90B51E01ADAB2FB54EED8D1A /* VisitedPlace.swift */; };
		946A0F83EB60F91C7ADB6347 /* SyncManager.swift in Sources */ = {isa = PBXBuildFile; fileRef = 0B59AF1458A22B2B2A8E2C54 /* SyncManager.swift */; };
		C3F7F4C340B137E96052822E /* ContentView.swift in Sources */ = {isa = PBXBuildFile; fileRef = 87B5ACE5DE8B894D416BB596 /* ContentView.swift */; };
		DCACDA35D63CAF9BC69B1B90 /* Assets.xcassets in Resources */ = {isa = PBXBuildFile; fileRef = 97C6287D0D983350D6929466 /* Assets.xcassets */; };
		F5D00A1BBCC1D3948F17FC58 /* APIClient.swift in Sources */ = {isa = PBXBuildFile; fileRef = 3B7CACFB8C4E7DA2A39C2DB7 /* APIClient.swift */; };
/* End PBXBuildFile section */

/* Begin PBXContainerItemProxy section */
		B8652F0FD9D0F2B4D9B4CFD6 /* PBXContainerItemProxy */ = {
			isa = PBXContainerItemProxy;
			containerPortal = AEDB070D13B07EE43823CDAB /* Project object */;
			proxyType = 1;
			remoteGlobalIDString = CF0A4CBEC952E3D7DAC1FBC2;
			remoteInfo = Skratch;
		};
/* End PBXContainerItemProxy section */

/* Begin PBXFileReference section */
		0B59AF1458A22B2B2A8E2C54 /* SyncManager.swift */ = {isa = PBXFileReference; lastKnownFileType = sourcecode.swift; path = SyncManager.swift; sourceTree = "<group>"; };
		22222222222222222222AAA1 /* APIClientTests.swift */ = {isa = PBXFileReference; lastKnownFileType = sourcecode.swift; path = APIClientTests.swift; sourceTree = "<group>"; };
		22222222222222222222AAA2 /* SyncManagerTests.swift */ = {isa = PBXFileReference; lastKnownFileType = sourcecode.swift; path = SyncManagerTests.swift; sourceTree = "<group>"; };
		3B7CACFB8C4E7DA2A39C2DB7 /* APIClient.swift */ = {isa = PBXFileReference; lastKnownFileType = sourcecode.swift; path = APIClient.swift; sourceTree = "<group>"; };
		45DF996E69D2AEDA57D1A523 /* SkratchTests.xctest */ = {isa = PBXFileReference; includeInIndex = 0; lastKnownFileType = wrapper.cfbundle; path = SkratchTests.xctest; sourceTree = BUILT_PRODUCTS_DIR; };
		46AF8117A3AD000444417630 /* Info.plist */ = {isa = PBXFileReference; lastKnownFileType = text.plist; path = Info.plist; sourceTree = "<group>"; };
		51D9B6658E4E4D0A374BDF41 /* SkratchApp.swift */ = {isa = PBXFileReference; lastKnownFileType = sourcecode.swift; path = SkratchApp.swift; sourceTree = "<group>"; };
		739C79A196E7F43F2948B4BF /* GeographicData.swift */ = {isa = PBXFileReference; lastKnownFileType = sourcecode.swift; path = GeographicData.swift; sourceTree = "<group>"; };
		87B5ACE5DE8B894D416BB596 /* ContentView.swift */ = {isa = PBXFileReference; lastKnownFileType = sourcecode.swift; path = ContentView.swift; sourceTree = "<group>"; };
		90B51E01ADAB2FB54EED8D1A /* VisitedPlace.swift */ = {isa = PBXFileReference; lastKnownFileType = sourcecode.swift; path = VisitedPlace.swift; sourceTree = "<group>"; };
		97C6287D0D983350D6929466 /* Assets.xcassets */ = {isa = PBXFileReference; lastKnownFileType = folder.assetcatalog; path = Assets.xcassets; sourceTree = "<group>"; };
		B366DB5A8112F2A026734C2A /* AuthManager.swift */ = {isa = PBXFileReference; lastKnownFileType = sourcecode.swift; path = AuthManager.swift; sourceTree = "<group>"; };
		D8AEC5A63E47AF93428FFD61 /* SkratchTests.swift */ = {isa = PBXFileReference; lastKnownFileType = sourcecode.swift; path = SkratchTests.swift; sourceTree = "<group>"; };
		FC06A4D652FB5BE661A00C37 /* Skratch.app */ = {isa = PBXFileReference; explicitFileType = wrapper.application; includeInIndex = 0; path = Skratch.app; sourceTree = BUILT_PRODUCTS_DIR; };
/* End PBXFileReference section */

/* Begin PBXGroup section */
		02D7B149CD571B9D768BA65B /* Models */ = {
			isa = PBXGroup;
			children = (
				90B51E01ADAB2FB54EED8D1A /* VisitedPlace.swift */,
			);
			path = Models;
			sourceTree = "<group>";
		};
		0953597575E4F715BEEDC2E7 /* Data */ = {
			isa = PBXGroup;
			children = (
				739C79A196E7F43F2948B4BF /* GeographicData.swift */,
			);
			path = Data;
			sourceTree = "<group>";
		};
		4D326C45408C3E3B3B89D17B /* SkratchTests */ = {
			isa = PBXGroup;
			children = (
				22222222222222222222AAA1 /* APIClientTests.swift */,
				D8AEC5A63E47AF93428FFD61 /* SkratchTests.swift */,
				22222222222222222222AAA2 /* SyncManagerTests.swift */,
			);
			path = SkratchTests;
			sourceTree = "<group>";
		};
		D501BF9C31104A51C73CDF3A = {
			isa = PBXGroup;
			children = (
				D5C7635697C019E50267197C /* Skratch */,
				4D326C45408C3E3B3B89D17B /* SkratchTests */,
				F3E4DDE379698DE821233464 /* Products */,
			);
			sourceTree = "<group>";
		};
		D5C7635697C019E50267197C /* Skratch */ = {
			isa = PBXGroup;
			children = (
				97C6287D0D983350D6929466 /* Assets.xcassets */,
				87B5ACE5DE8B894D416BB596 /* ContentView.swift */,
				46AF8117A3AD000444417630 /* Info.plist */,
				51D9B6658E4E4D0A374BDF41 /* SkratchApp.swift */,
				0953597575E4F715BEEDC2E7 /* Data */,
				02D7B149CD571B9D768BA65B /* Models */,
				E147C2176D514782791E8FD1 /* Services */,
			);
			path = Skratch;
			sourceTree = "<group>";
		};
		E147C2176D514782791E8FD1 /* Services */ = {
			isa = PBXGroup;
			children = (
				3B7CACFB8C4E7DA2A39C2DB7 /* APIClient.swift */,
				B366DB5A8112F2A026734C2A /* AuthManager.swift */,
				0B59AF1458A22B2B2A8E2C54 /* SyncManager.swift */,
			);
			path = Services;
			sourceTree = "<group>";
		};
		F3E4DDE379698DE821233464 /* Products */ = {
			isa = PBXGroup;
			children = (
				FC06A4D652FB5BE661A00C37 /* Skratch.app */,
				45DF996E69D2AEDA57D1A523 /* SkratchTests.xctest */,
			);
			name = Products;
			sourceTree = "<group>";
		};
/* End PBXGroup section */

/* Begin PBXNativeTarget section */
		4E655B3B91D7A403C99AEBD4 /* SkratchTests */ = {
			isa = PBXNativeTarget;
			buildConfigurationList = C131C68E251FBB6CC80E6302 /* Build configuration list for PBXNativeTarget "SkratchTests" */;
			buildPhases = (
				2DA93212E245292C3C99A0EB /* Sources */,
			);
			buildRules = (
			);
			dependencies = (
				ADB66AEBF1A83459A953E0F0 /* PBXTargetDependency */,
			);
			name = SkratchTests;
			packageProductDependencies = (
			);
			productName = SkratchTests;
			productReference = 45DF996E69D2AEDA57D1A523 /* SkratchTests.xctest */;
			productType = "com.apple.product-type.bundle.unit-test";
		};
		CF0A4CBEC952E3D7DAC1FBC2 /* Skratch */ = {
			isa = PBXNativeTarget;
			buildConfigurationList = 39FB00DDB39DB46AB7B3D2C1 /* Build configuration list for PBXNativeTarget "Skratch" */;
			buildPhases = (
				0AFCC928A007368A8A572B63 /* Sources */,
				F67A9E1C5F98AAFB1BF4D7A3 /* Resources */,
			);
			buildRules = (
			);
			dependencies = (
			);
			name = Skratch;
			packageProductDependencies = (
			);
			productName = Skratch;
			productReference = FC06A4D652FB5BE661A00C37 /* Skratch.app */;
			productType = "com.apple.product-type.application";
		};
/* End PBXNativeTarget section */

/* Begin PBXProject section */
		AEDB070D13B07EE43823CDAB /* Project object */ = {
			isa = PBXProject;
			attributes = {
				BuildIndependentTargetsInParallel = YES;
				LastUpgradeCheck = 1500;
				TargetAttributes = {
					4E655B3B91D7A403C99AEBD4 = {
						DevelopmentTeam = "";
					};
					CF0A4CBEC952E3D7DAC1FBC2 = {
						ProvisioningStyle = Automatic;
					};
				};
			};
			buildConfigurationList = 9A2F5FD73199B26E095EFD6D /* Build configuration list for PBXProject "Skratch" */;
			compatibilityVersion = "Xcode 14.0";
			developmentRegion = en;
			hasScannedForEncodings = 0;
			knownRegions = (
				Base,
				en,
			);
			mainGroup = D501BF9C31104A51C73CDF3A;
			minimizedProjectReferenceProxies = 1;
			projectDirPath = "";
			projectRoot = "";
			targets = (
				CF0A4CBEC952E3D7DAC1FBC2 /* Skratch */,
				4E655B3B91D7A403C99AEBD4 /* SkratchTests */,
			);
		};
/* End PBXProject section */

/* Begin PBXResourcesBuildPhase section */
		F67A9E1C5F98AAFB1BF4D7A3 /* Resources */ = {
			isa = PBXResourcesBuildPhase;
			buildActionMask = 2147483647;
			files = (
				DCACDA35D63CAF9BC69B1B90 /* Assets.xcassets in Resources */,
			);
			runOnlyForDeploymentPostprocessing = 0;
		};
/* End PBXResourcesBuildPhase section */

/* Begin PBXSourcesBuildPhase section */
		0AFCC928A007368A8A572B63 /* Sources */ = {
			isa = PBXSourcesBuildPhase;
			buildActionMask = 2147483647;
			files = (
				F5D00A1BBCC1D3948F17FC58 /* APIClient.swift in Sources */,
				86175EAF51658198276271FA /* AuthManager.swift in Sources */,
				C3F7F4C340B137E96052822E /* ContentView.swift in Sources */,
				51DA867BFC2FA4306ADE3826 /* GeographicData.swift in Sources */,
				39AABEB06866FCA9929F9BA3 /* SkratchApp.swift in Sources */,
				946A0F83EB60F91C7ADB6347 /* SyncManager.swift in Sources */,
				8D80DF090525952444EA2BBA /* VisitedPlace.swift in Sources */,
			);
			runOnlyForDeploymentPostprocessing = 0;
		};
		2DA93212E245292C3C99A0EB /* Sources */ = {
			isa = PBXSourcesBuildPhase;
			buildActionMask = 2147483647;
			files = (
				11111111111111111111AAA1 /* APIClientTests.swift in Sources */,
				4929B813F2E108B24B8A95D2 /* SkratchTests.swift in Sources */,
				11111111111111111111AAA2 /* SyncManagerTests.swift in Sources */,
			);
			runOnlyForDeploymentPostprocessing = 0;
		};
/* End PBXSourcesBuildPhase section */

/* Begin PBXTargetDependency section */
		ADB66AEBF1A83459A953E0F0 /* PBXTargetDependency */ = {
			isa = PBXTargetDependency;
			target = CF0A4CBEC952E3D7DAC1FBC2 /* Skratch */;
			targetProxy = B8652F0FD9D0F2B4D9B4CFD6 /* PBXContainerItemProxy */;
		};
/* End PBXTargetDependency section */

/* Begin XCBuildConfiguration section */
		017785F6B0CDB04604B54AB2 /* Debug */ = {
			isa = XCBuildConfiguration;
			buildSettings = {
				ALWAYS_SEARCH_USER_PATHS = NO;
				CLANG_ANALYZER_NONNULL = YES;
				CLANG_ANALYZER_NUMBER_OBJECT_CONVERSION = YES_AGGRESSIVE;
				CLANG_CXX_LANGUAGE_STANDARD = "gnu++14";
				CLANG_CXX_LIBRARY = "libc++";
				CLANG_ENABLE_MODULES = YES;
				CLANG_ENABLE_OBJC_ARC = YES;
				CLANG_ENABLE_OBJC_WEAK = YES;
				CLANG_WARN_BLOCK_CAPTURE_AUTORELEASING = YES;
				CLANG_WARN_BOOL_CONVERSION = YES;
				CLANG_WARN_COMMA = YES;
				CLANG_WARN_CONSTANT_CONVERSION = YES;
				CLANG_WARN_DEPRECATED_OBJC_IMPLEMENTATIONS = YES;
				CLANG_WARN_DIRECT_OBJC_ISA_USAGE = YES_ERROR;
				CLANG_WARN_DOCUMENTATION_COMMENTS = YES;
				CLANG_WARN_EMPTY_BODY = YES;
				CLANG_WARN_ENUM_CONVERSION = YES;
				CLANG_WARN_INFINITE_RECURSION = YES;
				CLANG_WARN_INT_CONVERSION = YES;
				CLANG_WARN_NON_LITERAL_NULL_CONVERSION = YES;
				CLANG_WARN_OBJC_IMPLICIT_RETAIN_SELF = YES;
				CLANG_WARN_OBJC_LITERAL_CONVERSION = YES;
				CLANG_WARN_OBJC_ROOT_CLASS = YES_ERROR;
				CLANG_WARN_QUOTED_INCLUDE_IN_FRAMEWORK_HEADER = YES;
				CLANG_WARN_RANGE_LOOP_ANALYSIS = YES;
				CLANG_WARN_STRICT_PROTOTYPES = YES;
				CLANG_WARN_SUSPICIOUS_MOVE = YES;
				CLANG_WARN_UNGUARDED_AVAILABILITY = YES_AGGRESSIVE;
				CLANG_WARN_UNREACHABLE_CODE = YES;
				CLANG_WARN__DUPLICATE_METHOD_MATCH = YES;
				COPY_PHASE_STRIP = NO;
				DEBUG_INFORMATION_FORMAT = dwarf;
				DEVELOPMENT_TEAM = "";
				ENABLE_STRICT_OBJC_MSGSEND = YES;
				ENABLE_TESTABILITY = YES;
				GCC_C_LANGUAGE_STANDARD = gnu11;
				GCC_DYNAMIC_NO_PIC = NO;
				GCC_NO_COMMON_BLOCKS = YES;
				GCC_OPTIMIZATION_LEVEL = 0;
				GCC_PREPROCESSOR_DEFINITIONS = (
					"$(inherited)",
					"DEBUG=1",
				);
				GCC_WARN_64_TO_32_BIT_CONVERSION = YES;
				GCC_WARN_ABOUT_RETURN_TYPE = YES_ERROR;
				GCC_WARN_UNDECLARED_SELECTOR = YES;
				GCC_WARN_UNINITIALIZED_AUTOS = YES_AGGRESSIVE;
				GCC_WARN_UNUSED_FUNCTION = YES;
				GCC_WARN_UNUSED_VARIABLE = YES;
				IPHONEOS_DEPLOYMENT_TARGET = 17.0;
				MTL_ENABLE_DEBUG_INFO = INCLUDE_SOURCE;
				MTL_FAST_MATH = YES;
				ONLY_ACTIVE_ARCH = YES;
				PRODUCT_NAME = "$(TARGET_NAME)";
				SDKROOT = iphoneos;
				SWIFT_ACTIVE_COMPILATION_CONDITIONS = DEBUG;
				SWIFT_OPTIMIZATION_LEVEL = "-Onone";
				SWIFT_VERSION = 6.0;
			};
			name = Debug;
		};
		0640C117A758C9A05142D285 /* Release */ = {
			isa = XCBuildConfiguration;
			buildSettings = {
				ALWAYS_SEARCH_USER_PATHS = NO;
				CLANG_ANALYZER_NONNULL = YES;
				CLANG_ANALYZER_NUMBER_OBJECT_CONVERSION = YES_AGGRESSIVE;
				CLANG_CXX_LANGUAGE_STANDARD = "gnu++14";
				CLANG_CXX_LIBRARY = "libc++";
				CLANG_ENABLE_MODULES = YES;
				CLANG_ENABLE_OBJC_ARC = YES;
				CLANG_ENABLE_OBJC_WEAK = YES;
				CLANG_WARN_BLOCK_CAPTURE_AUTORELEASING = YES;
				CLANG_WARN_BOOL_CONVERSION = YES;
				CLANG_WARN_COMMA = YES;
				CLANG_WARN_CONSTANT_CONVERSION = YES;
				CLANG_WARN_DEPRECATED_OBJC_IMPLEMENTATIONS = YES;
				CLANG_WARN_DIRECT_OBJC_ISA_USAGE = YES_ERROR;
				CLANG_WARN_DOCUMENTATION_COMMENTS = YES;
				CLANG_WARN_EMPTY_BODY = YES;
				CLANG_WARN_ENUM_CONVERSION = YES;
				CLANG_WARN_INFINITE_RECURSION = YES;
				CLANG_WARN_INT_CONVERSION = YES;
				CLANG_WARN_NON_LITERAL_NULL_CONVERSION = YES;
				CLANG_WARN_OBJC_IMPLICIT_RETAIN_SELF = YES;
				CLANG_WARN_OBJC_LITERAL_CONVERSION = YES;
				CLANG_WARN_OBJC_ROOT_CLASS = YES_ERROR;
				CLANG_WARN_QUOTED_INCLUDE_IN_FRAMEWORK_HEADER = YES;
				CLANG_WARN_RANGE_LOOP_ANALYSIS = YES;
				CLANG_WARN_STRICT_PROTOTYPES = YES;
				CLANG_WARN_SUSPICIOUS_MOVE = YES;
				CLANG_WARN_UNGUARDED_AVAILABILITY = YES_AGGRESSIVE;
				CLANG_WARN_UNREACHABLE_CODE = YES;
				CLANG_WARN__DUPLICATE_METHOD_MATCH = YES;
				COPY_PHASE_STRIP = NO;
				DEBUG_INFORMATION_FORMAT = "dwarf-with-dsym";
				DEVELOPMENT_TEAM = "";
				ENABLE_NS_ASSERTIONS = NO;
				ENABLE_STRICT_OBJC_MSGSEND = YES;
				GCC_C_LANGUAGE_STANDARD = gnu11;
				GCC_NO_COMMON_BLOCKS = YES;
				GCC_WARN_64_TO_32_BIT_CONVERSION = YES;
				GCC_WARN_ABOUT_RETURN_TYPE = YES_ERROR;
				GCC_WARN_UNDECLARED_SELECTOR = YES;
				GCC_WARN_UNINITIALIZED_AUTOS = YES_AGGRESSIVE;
				GCC_WARN_UNUSED_FUNCTION = YES;
				GCC_WARN_UNUSED_VARIABLE = YES;
				IPHONEOS_DEPLOYMENT_TARGET = 17.0;
				MTL_ENABLE_DEBUG_INFO = NO;
				MTL_FAST_MATH = YES;
				PRODUCT_NAME = "$(TARGET_NAME)";
				SDKROOT = iphoneos;
				SWIFT_COMPILATION_MODE = wholemodule;
				SWIFT_OPTIMIZATION_LEVEL = "-O";
				SWIFT_VERSION = 6.0;
			};
			name = Release;
		};
		C27E37B8B4D911A33843435A /* Debug */ = {
			isa = XCBuildConfiguration;
			buildSettings = {
				BUNDLE_LOADER = "$(TEST_HOST)";
				GENERATE_INFOPLIST_FILE = YES;
				LD_RUNPATH_SEARCH_PATHS = (
					"$(inherited)",
					"@executable_path/Frameworks",
					"@loader_path/Frameworks",
				);
				PRODUCT_BUNDLE_IDENTIFIER = com.skratch.SkratchTests;
				SDKROOT = iphoneos;
				TARGETED_DEVICE_FAMILY = "1,2";
				TEST_HOST = "$(BUILT_PRODUCTS_DIR)/Skratch.app/Skratch";
			};
			name = Debug;
		};
		C9571EF798E4E693EC0C0CE0 /* Release */ = {
			isa = XCBuildConfiguration;
			buildSettings = {
				ASSETCATALOG_COMPILER_APPICON_NAME = AppIcon;
				CODE_SIGN_IDENTITY = "iPhone Developer";
				CODE_SIGN_STYLE = Automatic;
				CURRENT_PROJECT_VERSION = 1;
				DEVELOPMENT_TEAM = 9LS3VUA9NG;
				GENERATE_INFOPLIST_FILE = YES;
				INFOPLIST_FILE = Skratch/Info.plist;
				INFOPLIST_KEY_UIApplicationSceneManifest_Generation = YES;
				INFOPLIST_KEY_UIApplicationSupportsIndirectInputEvents = YES;
				INFOPLIST_KEY_UILaunchScreen_Generation = YES;
				INFOPLIST_KEY_UISupportedInterfaceOrientations_iPad = "UIInterfaceOrientationPortrait UIInterfaceOrientationPortraitUpsideDown UIInterfaceOrientationLandscapeLeft UIInterfaceOrientationLandscapeRight";
				INFOPLIST_KEY_UISupportedInterfaceOrientations_iPhone = "UIInterfaceOrientationPortrait UIInterfaceOrientationLandscapeLeft UIInterfaceOrientationLandscapeRight";
				LD_RUNPATH_SEARCH_PATHS = (
					"$(inherited)",
					"@executable_path/Frameworks",
				);
				MARKETING_VERSION = 1.0.0;
				PRODUCT_BUNDLE_IDENTIFIER = com.skratch.app;
				SDKROOT = iphoneos;
				TARGETED_DEVICE_FAMILY = "1,2";
			};
			name = Release;
		};
		DF96054166F9E705DCB5E27F /* Debug */ = {
			isa = XCBuildConfiguration;
			buildSettings = {
				ASSETCATALOG_COMPILER_APPICON_NAME = AppIcon;
				CODE_SIGN_IDENTITY = "iPhone Developer";
				CODE_SIGN_STYLE = Automatic;
				CURRENT_PROJECT_VERSION = 1;
				DEVELOPMENT_TEAM = 9LS3VUA9NG;
				GENERATE_INFOPLIST_FILE = YES;
				INFOPLIST_FILE = Skratch/Info.plist;
				INFOPLIST_KEY_UIApplicationSceneManifest_Generation = YES;
				INFOPLIST_KEY_UIApplicationSupportsIndirectInputEvents = YES;
				INFOPLIST_KEY_UILaunchScreen_Generation = YES;
				INFOPLIST_KEY_UISupportedInterfaceOrientations_iPad = "UIInterfaceOrientationPortrait UIInterfaceOrientationPortraitUpsideDown UIInterfaceOrientationLandscapeLeft UIInterfaceOrientationLandscapeRight";
				INFOPLIST_KEY_UISupportedInterfaceOrientations_iPhone = "UIInterfaceOrientationPortrait UIInterfaceOrientationLandscapeLeft UIInterfaceOrientationLandscapeRight";
				LD_RUNPATH_SEARCH_PATHS = (
					"$(inherited)",
					"@executable_path/Frameworks",
				);
				MARKETING_VERSION = 1.0.0;
				PRODUCT_BUNDLE_IDENTIFIER = com.skratch.app;
				SDKROOT = iphoneos;
				TARGETED_DEVICE_FAMILY = "1,2";
			};
			name = Debug;
		};
		F6D852326DD1E0F27AE7E23E /* Release */ = {
			isa = XCBuildConfiguration;
			buildSettings = {
				BUNDLE_LOADER = "$(TEST_HOST)";
				GENERATE_INFOPLIST_FILE = YES;
				LD_RUNPATH_SEARCH_PATHS = (
					"$(inherited)",
					"@executable_path/Frameworks",
					"@loader_path/Frameworks",
				);
				PRODUCT_BUNDLE_IDENTIFIER = com.skratch.SkratchTests;
				SDKROOT = iphoneos;
				TARGETED_DEVICE_FAMILY = "1,2";
				TEST_HOST = "$(BUILT_PRODUCTS_DIR)/Skratch.app/Skratch";
			};
			name = Release;
		};
/* End XCBuildConfiguration section */

/* Begin XCConfigurationList section */
		39FB00DDB39DB46AB7B3D2C1 /* Build configuration list for PBXNativeTarget "Skratch" */ = {
			isa = XCConfigurationList;
			buildConfigurations = (
				DF96054166F9E705DCB5E27F /* Debug */,
				C9571EF798E4E693EC0C0CE0 /* Release */,
			);
			defaultConfigurationIsVisible = 0;
			defaultConfigurationName = Debug;
		};
		9A2F5FD73199B26E095EFD6D /* Build configuration list for PBXProject "Skratch" */ = {
			isa = XCConfigurationList;
			buildConfigurations = (
				017785F6B0CDB04604B54AB2 /* Debug */,
				0640C117A758C9A05142D285 /* Release */,
			);
			defaultConfigurationIsVisible = 0;
			defaultConfigurationName = Debug;
		};
		C131C68E251FBB6CC80E6302 /* Build configuration list for PBXNativeTarget "SkratchTests" */ = {
			isa = XCConfigurationList;
			buildConfigurations = (
				C27E37B8B4D911A33843435A /* Debug */,
				F6D852326DD1E0F27AE7E23E /* Release */,
			);
			defaultConfigurationIsVisible = 0;
			defaultConfigurationName = Debug;
		};
/* End XCConfigurationList section */
	};
	rootObject = AEDB070D13B07EE43823CDAB /* Project object */;
}
